
Microsoft Visual Studio Solution File, Format Version 12.00
# Visual Studio Version 16
VisualStudioVersion = 16.0.30621.155
MinimumVisualStudioVersion = 10.0.40219.1
Project("{FAE04EC0-301F-11D3-BF4B-00C04F79EFBC}") = "FileUpload", "FileUpload\FileUpload.csproj", "{37A64D3E-9A9C-4689-A433-0AB63A90857D}"
EndProject
Global
	GlobalSection(SolutionConfigurationPlatforms) = preSolution
		Debug|Any CPU = Debug|Any CPU
		Release|Any CPU = Release|Any CPU
	EndGlobalSection
	GlobalSection(ProjectConfigurationPlatforms) = postSolution
		{37A64D3E-9A9C-4689-A433-0AB63A90857D}.Debug|Any CPU.ActiveCfg = Debug|Any CPU
		{37A64D3E-9A9C-4689-A433-0AB63A90857D}.Debug|Any CPU.Build.0 = Debug|Any CPU
		{37A64D3E-9A9C-4689-A433-0AB63A90857D}.Release|Any CPU.ActiveCfg = Release|Any CPU
		{37A64D3E-9A9C-4689-A433-0AB63A90857D}.Release|Any CPU.Build.0 = Release|Any CPU
	EndGlobalSection
	GlobalSection(SolutionProperties) = preSolution
		HideSolutionNode = FALSE
	EndGlobalSection
	GlobalSection(ExtensibilityGlobals) = postSolution
		SolutionGuid = {0CB5CF37-0486-4E68-AC41-EDD2057CBC49}
	EndGlobalSection
EndGlobal
